
Microsoft Visual Studio Solution File, Format Version 12.00
# Visual Studio Version 17
VisualStudioVersion = 17.0.31903.59
MinimumVisualStudioVersion = 10.0.40219.1
Project("{2150E333-8FDC-42A3-9474-1A3956D46DE8}") = "src", "src", "{D815473F-55E6-48B7-A834-EE28AEFC55FB}"
EndProject
Project("{2150E333-8FDC-42A3-9474-1A3956D46DE8}") = "test", "test", "{FDD0B7E4-948A-48B1-82D1-1962006D6612}"
EndProject
Project("{FAE04EC0-301F-11D3-BF4B-00C04F79EFBC}") = "Chirp.Core", "src\Chirp.Core\Chirp.Core.csproj", "{01862458-7A95-4288-9202-3401A6117916}"
EndProject
Global
	GlobalSection(SolutionConfigurationPlatforms) = preSolution
		Debug|Any CPU = Debug|Any CPU
		Release|Any CPU = Release|Any CPU
	EndGlobalSection
	GlobalSection(SolutionProperties) = preSolution
		HideSolutionNode = FALSE
	EndGlobalSection
	GlobalSection(ProjectConfigurationPlatforms) = postSolution
		{01862458-7A95-4288-9202-3401A6117916}.Debug|Any CPU.ActiveCfg = Debug|Any CPU
		{01862458-7A95-4288-9202-3401A6117916}.Debug|Any CPU.Build.0 = Debug|Any CPU
		{01862458-7A95-4288-9202-3401A6117916}.Release|Any CPU.ActiveCfg = Release|Any CPU
		{01862458-7A95-4288-9202-3401A6117916}.Release|Any CPU.Build.0 = Release|Any CPU
	EndGlobalSection
	GlobalSection(NestedProjects) = preSolution
		{01862458-7A95-4288-9202-3401A6117916} = {D815473F-55E6-48B7-A834-EE28AEFC55FB}
	EndGlobalSection
EndGlobal
