
Microsoft Visual Studio Solution File, Format Version 12.00
# Visual Studio Version 17
VisualStudioVersion = 17.0.31903.59
MinimumVisualStudioVersion = 10.0.40219.1
Project("{2150E333-8FDC-42A3-9474-1A3956D46DE8}") = "src", "src", "{D815473F-55E6-48B7-A834-EE28AEFC55FB}"
EndProject
Project("{2150E333-8FDC-42A3-9474-1A3956D46DE8}") = "test", "test", "{FDD0B7E4-948A-48B1-82D1-1962006D6612}"
EndProject
Project("{FAE04EC0-301F-11D3-BF4B-00C04F79EFBC}") = "Chirp.Razor.UnitTests", "test\Chirp.Razor.UnitTests\Chirp.Razor.UnitTests.csproj", "{8C3D073C-D265-4320-A1FA-5E6E29B17FAE}"
EndProject
Project("{FAE04EC0-301F-11D3-BF4B-00C04F79EFBC}") = "Chirp.Razor.IntegrationTests", "test\Chirp.Razor.IntegrationTests\Chirp.Razor.IntegrationTests.csproj", "{FA8AC867-0A06-4406-8ABB-6ACCEAB426D5}"
EndProject
Project("{FAE04EC0-301F-11D3-BF4B-00C04F79EFBC}") = "Chirp.Core", "src\Chirp.Core\Chirp.Core.csproj", "{01862458-7A95-4288-9202-3401A6117916}"
EndProject
Global
	GlobalSection(SolutionConfigurationPlatforms) = preSolution
		Debug|Any CPU = Debug|Any CPU
		Release|Any CPU = Release|Any CPU
	EndGlobalSection
	GlobalSection(SolutionProperties) = preSolution
		HideSolutionNode = FALSE
	EndGlobalSection
	GlobalSection(ProjectConfigurationPlatforms) = postSolution
		{8C3D073C-D265-4320-A1FA-5E6E29B17FAE}.Debug|Any CPU.ActiveCfg = Debug|Any CPU
		{8C3D073C-D265-4320-A1FA-5E6E29B17FAE}.Debug|Any CPU.Build.0 = Debug|Any CPU
		{8C3D073C-D265-4320-A1FA-5E6E29B17FAE}.Release|Any CPU.ActiveCfg = Release|Any CPU
		{8C3D073C-D265-4320-A1FA-5E6E29B17FAE}.Release|Any CPU.Build.0 = Release|Any CPU
		{FA8AC867-0A06-4406-8ABB-6ACCEAB426D5}.Debug|Any CPU.ActiveCfg = Debug|Any CPU
		{FA8AC867-0A06-4406-8ABB-6ACCEAB426D5}.Debug|Any CPU.Build.0 = Debug|Any CPU
		{FA8AC867-0A06-4406-8ABB-6ACCEAB426D5}.Release|Any CPU.ActiveCfg = Release|Any CPU
		{FA8AC867-0A06-4406-8ABB-6ACCEAB426D5}.Release|Any CPU.Build.0 = Release|Any CPU
		{01862458-7A95-4288-9202-3401A6117916}.Debug|Any CPU.ActiveCfg = Debug|Any CPU
		{01862458-7A95-4288-9202-3401A6117916}.Debug|Any CPU.Build.0 = Debug|Any CPU
		{01862458-7A95-4288-9202-3401A6117916}.Release|Any CPU.ActiveCfg = Release|Any CPU
		{01862458-7A95-4288-9202-3401A6117916}.Release|Any CPU.Build.0 = Release|Any CPU
	EndGlobalSection
	GlobalSection(NestedProjects) = preSolution
		{8C3D073C-D265-4320-A1FA-5E6E29B17FAE} = {FDD0B7E4-948A-48B1-82D1-1962006D6612}
		{FA8AC867-0A06-4406-8ABB-6ACCEAB426D5} = {FDD0B7E4-948A-48B1-82D1-1962006D6612}
		{01862458-7A95-4288-9202-3401A6117916} = {D815473F-55E6-48B7-A834-EE28AEFC55FB}
	EndGlobalSection
EndGlobal
