
Microsoft Visual Studio Solution File, Format Version 12.00
# Visual Studio Version 17
VisualStudioVersion = 17.0.31903.59
MinimumVisualStudioVersion = 10.0.40219.1
Project("{FAE04EC0-301F-11D3-BF4B-00C04F79EFBC}") = "Chirp.CLI", "src\Chirp.CLI\Chirp.CLI.csproj", "{AA4540DB-F396-419C-B985-430592BB3FFB}"
EndProject
Project("{FAE04EC0-301F-11D3-BF4B-00C04F79EFBC}") = "SimpleDB", "src\SimpleDB\SimpleDB.csproj", "{15BD43F3-3FEA-44D2-A26D-0EE31ED0B80E}"
EndProject
Project("{2150E333-8FDC-42A3-9474-1A3956D46DE8}") = "src", "src", "{D815473F-55E6-48B7-A834-EE28AEFC55FB}"
EndProject
Project("{FAE04EC0-301F-11D3-BF4B-00C04F79EFBC}") = "Chirp.CSVDBService", "src\Chirp.CSVDBService\Chirp.CSVDBService.csproj", "{3D45A98C-ABAB-4133-8FDB-4BB9F5164748}"
EndProject
Project("{FAE04EC0-301F-11D3-BF4B-00C04F79EFBC}") = "Chirp.Razor", "src\Chirp.Razor\Chirp.Razor.csproj", "{AE335B20-84BA-4A85-96DA-D8711A6B46B7}"
EndProject
Project("{2150E333-8FDC-42A3-9474-1A3956D46DE8}") = "test", "test", "{FDD0B7E4-948A-48B1-82D1-1962006D6612}"
EndProject
Project("{FAE04EC0-301F-11D3-BF4B-00C04F79EFBC}") = "Chirp.Razor.Tests", "test\Chirp.Razor.Tests\Chirp.Razor.Tests.csproj", "{8C3D073C-D265-4320-A1FA-5E6E29B17FAE}"
EndProject
Global
	GlobalSection(SolutionConfigurationPlatforms) = preSolution
		Debug|Any CPU = Debug|Any CPU
		Release|Any CPU = Release|Any CPU
	EndGlobalSection
	GlobalSection(SolutionProperties) = preSolution
		HideSolutionNode = FALSE
	EndGlobalSection
	GlobalSection(ProjectConfigurationPlatforms) = postSolution
		{AA4540DB-F396-419C-B985-430592BB3FFB}.Debug|Any CPU.ActiveCfg = Debug|Any CPU
		{AA4540DB-F396-419C-B985-430592BB3FFB}.Debug|Any CPU.Build.0 = Debug|Any CPU
		{AA4540DB-F396-419C-B985-430592BB3FFB}.Release|Any CPU.ActiveCfg = Release|Any CPU
		{AA4540DB-F396-419C-B985-430592BB3FFB}.Release|Any CPU.Build.0 = Release|Any CPU
		{15BD43F3-3FEA-44D2-A26D-0EE31ED0B80E}.Debug|Any CPU.ActiveCfg = Debug|Any CPU
		{15BD43F3-3FEA-44D2-A26D-0EE31ED0B80E}.Debug|Any CPU.Build.0 = Debug|Any CPU
		{15BD43F3-3FEA-44D2-A26D-0EE31ED0B80E}.Release|Any CPU.ActiveCfg = Release|Any CPU
		{15BD43F3-3FEA-44D2-A26D-0EE31ED0B80E}.Release|Any CPU.Build.0 = Release|Any CPU
		{3D45A98C-ABAB-4133-8FDB-4BB9F5164748}.Debug|Any CPU.ActiveCfg = Debug|Any CPU
		{3D45A98C-ABAB-4133-8FDB-4BB9F5164748}.Debug|Any CPU.Build.0 = Debug|Any CPU
		{3D45A98C-ABAB-4133-8FDB-4BB9F5164748}.Release|Any CPU.ActiveCfg = Release|Any CPU
		{3D45A98C-ABAB-4133-8FDB-4BB9F5164748}.Release|Any CPU.Build.0 = Release|Any CPU
		{AE335B20-84BA-4A85-96DA-D8711A6B46B7}.Debug|Any CPU.ActiveCfg = Debug|Any CPU
		{AE335B20-84BA-4A85-96DA-D8711A6B46B7}.Debug|Any CPU.Build.0 = Debug|Any CPU
		{AE335B20-84BA-4A85-96DA-D8711A6B46B7}.Release|Any CPU.ActiveCfg = Release|Any CPU
		{AE335B20-84BA-4A85-96DA-D8711A6B46B7}.Release|Any CPU.Build.0 = Release|Any CPU
		{8C3D073C-D265-4320-A1FA-5E6E29B17FAE}.Debug|Any CPU.ActiveCfg = Debug|Any CPU
		{8C3D073C-D265-4320-A1FA-5E6E29B17FAE}.Debug|Any CPU.Build.0 = Debug|Any CPU
		{8C3D073C-D265-4320-A1FA-5E6E29B17FAE}.Release|Any CPU.ActiveCfg = Release|Any CPU
		{8C3D073C-D265-4320-A1FA-5E6E29B17FAE}.Release|Any CPU.Build.0 = Release|Any CPU
	EndGlobalSection
	GlobalSection(NestedProjects) = preSolution
		{3D45A98C-ABAB-4133-8FDB-4BB9F5164748} = {D815473F-55E6-48B7-A834-EE28AEFC55FB}
		{AE335B20-84BA-4A85-96DA-D8711A6B46B7} = {D815473F-55E6-48B7-A834-EE28AEFC55FB}
		{8C3D073C-D265-4320-A1FA-5E6E29B17FAE} = {FDD0B7E4-948A-48B1-82D1-1962006D6612}
	EndGlobalSection
EndGlobal
